
Microsoft Visual Studio Solution File, Format Version 12.00
# Visual Studio Version 16
VisualStudioVersion = 16.0.29020.237
MinimumVisualStudioVersion = 10.0.40219.1
Project("{FAE04EC0-301F-11D3-BF4B-00C04F79EFBC}") = "MailSender", "MailSender\MailSender.csproj", "{B1B95F1B-3AAB-44E3-B98C-7C8C89EF899C}"
	ProjectSection(ProjectDependencies) = postProject
		{8033B66C-C354-42B8-AB33-46020BB9F658} = {8033B66C-C354-42B8-AB33-46020BB9F658}
	EndProjectSection
EndProject
Project("{2150E333-8FDC-42A3-9474-1A3956D46DE8}") = "Tests", "Tests", "{4ADE1766-3B03-4A10-BBA6-7A1FAC95D431}"
EndProject
Project("{FAE04EC0-301F-11D3-BF4B-00C04F79EFBC}") = "TestWPF", "Tests\TestWPF\TestWPF.csproj", "{AF150310-04DD-4161-867B-19DD0A7E872F}"
EndProject
Project("{FAE04EC0-301F-11D3-BF4B-00C04F79EFBC}") = "TestConsole", "TestConsole\TestConsole.csproj", "{8FA444DA-FC26-4418-AE48-428151A45142}"
EndProject
Project("{FAE04EC0-301F-11D3-BF4B-00C04F79EFBC}") = "TestWPF2", "TestWPF2\TestWPF2.csproj", "{E5D641C8-0F22-4410-86FF-19C1F0B1B78C}"
EndProject
Project("{FAE04EC0-301F-11D3-BF4B-00C04F79EFBC}") = "MailSender.lib", "MailSender.lib\MailSender.lib.csproj", "{8033B66C-C354-42B8-AB33-46020BB9F658}"
EndProject
Project("{FAE04EC0-301F-11D3-BF4B-00C04F79EFBC}") = "MailSender.lib.Tests", "Tests\MailSender.lib.Tests\MailSender.lib.Tests.csproj", "{10DC7C28-C512-4E63-8743-0CF19E7B73D0}"
EndProject
Project("{FAE04EC0-301F-11D3-BF4B-00C04F79EFBC}") = "Threading", "Tests\Threading\Threading.csproj", "{8E51F7AE-9CD6-4AC1-99CC-BF43326FE1A2}"
EndProject
Project("{FAE04EC0-301F-11D3-BF4B-00C04F79EFBC}") = "ThreadHW", "ThreadHW\ThreadHW.csproj", "{43E07C80-BCF4-4542-AE36-02BAAECE541E}"
EndProject
Global
	GlobalSection(SolutionConfigurationPlatforms) = preSolution
		Debug|Any CPU = Debug|Any CPU
		Release|Any CPU = Release|Any CPU
	EndGlobalSection
	GlobalSection(ProjectConfigurationPlatforms) = postSolution
		{B1B95F1B-3AAB-44E3-B98C-7C8C89EF899C}.Debug|Any CPU.ActiveCfg = Debug|Any CPU
		{B1B95F1B-3AAB-44E3-B98C-7C8C89EF899C}.Debug|Any CPU.Build.0 = Debug|Any CPU
		{B1B95F1B-3AAB-44E3-B98C-7C8C89EF899C}.Release|Any CPU.ActiveCfg = Release|Any CPU
		{B1B95F1B-3AAB-44E3-B98C-7C8C89EF899C}.Release|Any CPU.Build.0 = Release|Any CPU
		{AF150310-04DD-4161-867B-19DD0A7E872F}.Debug|Any CPU.ActiveCfg = Debug|Any CPU
		{AF150310-04DD-4161-867B-19DD0A7E872F}.Debug|Any CPU.Build.0 = Debug|Any CPU
		{AF150310-04DD-4161-867B-19DD0A7E872F}.Release|Any CPU.ActiveCfg = Release|Any CPU
		{AF150310-04DD-4161-867B-19DD0A7E872F}.Release|Any CPU.Build.0 = Release|Any CPU
		{8FA444DA-FC26-4418-AE48-428151A45142}.Debug|Any CPU.ActiveCfg = Debug|Any CPU
		{8FA444DA-FC26-4418-AE48-428151A45142}.Debug|Any CPU.Build.0 = Debug|Any CPU
		{8FA444DA-FC26-4418-AE48-428151A45142}.Release|Any CPU.ActiveCfg = Release|Any CPU
		{8FA444DA-FC26-4418-AE48-428151A45142}.Release|Any CPU.Build.0 = Release|Any CPU
		{E5D641C8-0F22-4410-86FF-19C1F0B1B78C}.Debug|Any CPU.ActiveCfg = Debug|Any CPU
		{E5D641C8-0F22-4410-86FF-19C1F0B1B78C}.Debug|Any CPU.Build.0 = Debug|Any CPU
		{E5D641C8-0F22-4410-86FF-19C1F0B1B78C}.Release|Any CPU.ActiveCfg = Release|Any CPU
		{E5D641C8-0F22-4410-86FF-19C1F0B1B78C}.Release|Any CPU.Build.0 = Release|Any CPU
		{8033B66C-C354-42B8-AB33-46020BB9F658}.Debug|Any CPU.ActiveCfg = Debug|Any CPU
		{8033B66C-C354-42B8-AB33-46020BB9F658}.Debug|Any CPU.Build.0 = Debug|Any CPU
		{8033B66C-C354-42B8-AB33-46020BB9F658}.Release|Any CPU.ActiveCfg = Release|Any CPU
		{8033B66C-C354-42B8-AB33-46020BB9F658}.Release|Any CPU.Build.0 = Release|Any CPU
		{10DC7C28-C512-4E63-8743-0CF19E7B73D0}.Debug|Any CPU.ActiveCfg = Debug|Any CPU
		{10DC7C28-C512-4E63-8743-0CF19E7B73D0}.Debug|Any CPU.Build.0 = Debug|Any CPU
		{10DC7C28-C512-4E63-8743-0CF19E7B73D0}.Release|Any CPU.ActiveCfg = Release|Any CPU
		{10DC7C28-C512-4E63-8743-0CF19E7B73D0}.Release|Any CPU.Build.0 = Release|Any CPU
		{8E51F7AE-9CD6-4AC1-99CC-BF43326FE1A2}.Debug|Any CPU.ActiveCfg = Debug|Any CPU
		{8E51F7AE-9CD6-4AC1-99CC-BF43326FE1A2}.Debug|Any CPU.Build.0 = Debug|Any CPU
		{8E51F7AE-9CD6-4AC1-99CC-BF43326FE1A2}.Release|Any CPU.ActiveCfg = Release|Any CPU
		{8E51F7AE-9CD6-4AC1-99CC-BF43326FE1A2}.Release|Any CPU.Build.0 = Release|Any CPU
		{43E07C80-BCF4-4542-AE36-02BAAECE541E}.Debug|Any CPU.ActiveCfg = Debug|Any CPU
		{43E07C80-BCF4-4542-AE36-02BAAECE541E}.Debug|Any CPU.Build.0 = Debug|Any CPU
		{43E07C80-BCF4-4542-AE36-02BAAECE541E}.Release|Any CPU.ActiveCfg = Release|Any CPU
		{43E07C80-BCF4-4542-AE36-02BAAECE541E}.Release|Any CPU.Build.0 = Release|Any CPU
	EndGlobalSection
	GlobalSection(SolutionProperties) = preSolution
		HideSolutionNode = FALSE
	EndGlobalSection
	GlobalSection(NestedProjects) = preSolution
		{AF150310-04DD-4161-867B-19DD0A7E872F} = {4ADE1766-3B03-4A10-BBA6-7A1FAC95D431}
		{8FA444DA-FC26-4418-AE48-428151A45142} = {4ADE1766-3B03-4A10-BBA6-7A1FAC95D431}
		{E5D641C8-0F22-4410-86FF-19C1F0B1B78C} = {4ADE1766-3B03-4A10-BBA6-7A1FAC95D431}
		{10DC7C28-C512-4E63-8743-0CF19E7B73D0} = {4ADE1766-3B03-4A10-BBA6-7A1FAC95D431}
		{8E51F7AE-9CD6-4AC1-99CC-BF43326FE1A2} = {4ADE1766-3B03-4A10-BBA6-7A1FAC95D431}
		{43E07C80-BCF4-4542-AE36-02BAAECE541E} = {4ADE1766-3B03-4A10-BBA6-7A1FAC95D431}
	EndGlobalSection
	GlobalSection(ExtensibilityGlobals) = postSolution
		SolutionGuid = {C6207EB6-40B3-498B-92AA-62455D7061D5}
	EndGlobalSection
EndGlobal
